
Microsoft Visual Studio Solution File, Format Version 12.00
# Visual Studio Version 17
VisualStudioVersion = 17.5.33530.505
MinimumVisualStudioVersion = 10.0.40219.1
Project("{8BC9CEB8-8B4A-11D0-8D11-00A0C91BC942}") = "keepalived", "keepalived\keepalived.vcxproj", "{0581E2A5-F248-4AEC-8F2B-97233C308526}"
EndProject
Project("{54435603-DBB4-11D2-8724-00A0C9A8B90C}") = "keepalived-setup", "keepalived-setup\keepalived-setup.vdproj", "{4C7CEDD7-94EB-4789-9F15-10BE8C0CD103}"
EndProject
Project("{FAE04EC0-301F-11D3-BF4B-00C04F79EFBC}") = "keepalived-setup-action", "keepalived-setup-action\keepalived-setup-action.csproj", "{AD6B433B-3FA0-42BD-99B0-3FA2CDC5C63F}"
EndProject
Global
	GlobalSection(SolutionConfigurationPlatforms) = preSolution
		Debug|Any CPU = Debug|Any CPU
		Debug|x64 = Debug|x64
		Debug|x86 = Debug|x86
		Release|Any CPU = Release|Any CPU
		Release|x64 = Release|x64
		Release|x86 = Release|x86
	EndGlobalSection
	GlobalSection(ProjectConfigurationPlatforms) = postSolution
		{0581E2A5-F248-4AEC-8F2B-97233C308526}.Debug|Any CPU.ActiveCfg = Debug|x64
		{0581E2A5-F248-4AEC-8F2B-97233C308526}.Debug|Any CPU.Build.0 = Debug|x64
		{0581E2A5-F248-4AEC-8F2B-97233C308526}.Debug|x64.ActiveCfg = Debug|x64
		{0581E2A5-F248-4AEC-8F2B-97233C308526}.Debug|x64.Build.0 = Debug|x64
		{0581E2A5-F248-4AEC-8F2B-97233C308526}.Debug|x86.ActiveCfg = Debug|Win32
		{0581E2A5-F248-4AEC-8F2B-97233C308526}.Debug|x86.Build.0 = Debug|Win32
		{0581E2A5-F248-4AEC-8F2B-97233C308526}.Release|Any CPU.ActiveCfg = Release|x64
		{0581E2A5-F248-4AEC-8F2B-97233C308526}.Release|Any CPU.Build.0 = Release|x64
		{0581E2A5-F248-4AEC-8F2B-97233C308526}.Release|x64.ActiveCfg = Release|x64
		{0581E2A5-F248-4AEC-8F2B-97233C308526}.Release|x64.Build.0 = Release|x64
		{0581E2A5-F248-4AEC-8F2B-97233C308526}.Release|x86.ActiveCfg = Release|Win32
		{0581E2A5-F248-4AEC-8F2B-97233C308526}.Release|x86.Build.0 = Release|Win32
		{4C7CEDD7-94EB-4789-9F15-10BE8C0CD103}.Debug|Any CPU.ActiveCfg = Debug
		{4C7CEDD7-94EB-4789-9F15-10BE8C0CD103}.Debug|Any CPU.Build.0 = Debug
		{4C7CEDD7-94EB-4789-9F15-10BE8C0CD103}.Debug|x64.ActiveCfg = Debug
		{4C7CEDD7-94EB-4789-9F15-10BE8C0CD103}.Debug|x86.ActiveCfg = Debug
		{4C7CEDD7-94EB-4789-9F15-10BE8C0CD103}.Release|Any CPU.ActiveCfg = Release
		{4C7CEDD7-94EB-4789-9F15-10BE8C0CD103}.Release|Any CPU.Build.0 = Release
		{4C7CEDD7-94EB-4789-9F15-10BE8C0CD103}.Release|x64.ActiveCfg = Release
		{4C7CEDD7-94EB-4789-9F15-10BE8C0CD103}.Release|x86.ActiveCfg = Release
		{AD6B433B-3FA0-42BD-99B0-3FA2CDC5C63F}.Debug|Any CPU.ActiveCfg = Debug|Any CPU
		{AD6B433B-3FA0-42BD-99B0-3FA2CDC5C63F}.Debug|Any CPU.Build.0 = Debug|Any CPU
		{AD6B433B-3FA0-42BD-99B0-3FA2CDC5C63F}.Debug|x64.ActiveCfg = Debug|Any CPU
		{AD6B433B-3FA0-42BD-99B0-3FA2CDC5C63F}.Debug|x64.Build.0 = Debug|Any CPU
		{AD6B433B-3FA0-42BD-99B0-3FA2CDC5C63F}.Debug|x86.ActiveCfg = Debug|Any CPU
		{AD6B433B-3FA0-42BD-99B0-3FA2CDC5C63F}.Debug|x86.Build.0 = Debug|Any CPU
		{AD6B433B-3FA0-42BD-99B0-3FA2CDC5C63F}.Release|Any CPU.ActiveCfg = Release|Any CPU
		{AD6B433B-3FA0-42BD-99B0-3FA2CDC5C63F}.Release|Any CPU.Build.0 = Release|Any CPU
		{AD6B433B-3FA0-42BD-99B0-3FA2CDC5C63F}.Release|x64.ActiveCfg = Release|Any CPU
		{AD6B433B-3FA0-42BD-99B0-3FA2CDC5C63F}.Release|x64.Build.0 = Release|Any CPU
		{AD6B433B-3FA0-42BD-99B0-3FA2CDC5C63F}.Release|x86.ActiveCfg = Release|Any CPU
		{AD6B433B-3FA0-42BD-99B0-3FA2CDC5C63F}.Release|x86.Build.0 = Release|Any CPU
	EndGlobalSection
	GlobalSection(SolutionProperties) = preSolution
		HideSolutionNode = FALSE
	EndGlobalSection
	GlobalSection(ExtensibilityGlobals) = postSolution
		SolutionGuid = {656E8CF7-9181-4942-94FF-6BD714CD07F7}
	EndGlobalSection
EndGlobal
